
Microsoft Visual Studio Solution File, Format Version 12.00
# Visual Studio Version 17
VisualStudioVersion = 17.5.33627.172
MinimumVisualStudioVersion = 10.0.40219.1
Project("{FAE04EC0-301F-11D3-BF4B-00C04F79EFBC}") = "06.06.2023HW", "06.06.2023HW\06.06.2023HW.csproj", "{2E7A9065-2789-48EE-A6CC-B6CEF95459FF}"
EndProject
Global
	GlobalSection(SolutionConfigurationPlatforms) = preSolution
		Debug|Any CPU = Debug|Any CPU
		Release|Any CPU = Release|Any CPU
	EndGlobalSection
	GlobalSection(ProjectConfigurationPlatforms) = postSolution
		{2E7A9065-2789-48EE-A6CC-B6CEF95459FF}.Debug|Any CPU.ActiveCfg = Debug|Any CPU
		{2E7A9065-2789-48EE-A6CC-B6CEF95459FF}.Debug|Any CPU.Build.0 = Debug|Any CPU
		{2E7A9065-2789-48EE-A6CC-B6CEF95459FF}.Release|Any CPU.ActiveCfg = Release|Any CPU
		{2E7A9065-2789-48EE-A6CC-B6CEF95459FF}.Release|Any CPU.Build.0 = Release|Any CPU
	EndGlobalSection
	GlobalSection(SolutionProperties) = preSolution
		HideSolutionNode = FALSE
	EndGlobalSection
	GlobalSection(ExtensibilityGlobals) = postSolution
		SolutionGuid = {2664CBB7-896F-464E-B55B-D9C86AB7CC4B}
	EndGlobalSection
EndGlobal
